# This file is generated by running "yarn install" inside your project.
# Manual changes might be lost - proceed with caution!

__metadata:
  version: 5
  cacheKey: 8

"@nodly/create-app@workspace:.":
  version: 0.0.0-use.local
  resolution: "@nodly/create-app@workspace:."
  dependencies:
    "@nodly/prettier-config": 1.0.2
    prettier: 2.5.1
  bin:
    create-app: ./create-app.js
  languageName: unknown
  linkType: soft

"@nodly/prettier-config@npm:1.0.2":
  version: 1.0.2
  resolution: "@nodly/prettier-config@npm:1.0.2"
  peerDependencies:
    prettier: ">=2.4.0"
  checksum: 87329336ef8b37acb8313b04f39b25fea7eee67000fa1da229225a4076b9ddacbd4700ed394318d2b708cd00e3418989667046a02322bb7bf3c0135938ba5fd0
  languageName: node
  linkType: hard

"prettier@npm:2.5.1":
  version: 2.5.1
  resolution: "prettier@npm:2.5.1"
  bin:
    prettier: bin-prettier.js
  checksum: 21b9408476ea1c544b0e45d51ceb94a84789ff92095abb710942d780c862d0daebdb29972d47f6b4d0f7ebbfb0ffbf56cc2cfa3e3e9d1cca54864af185b15b66
  languageName: node
  linkType: hard
